
Microsoft Visual Studio Solution File, Format Version 12.00
# Visual Studio Version 17
VisualStudioVersion = 17.6.33829.357
MinimumVisualStudioVersion = 10.0.40219.1
Project("{FAE04EC0-301F-11D3-BF4B-00C04F79EFBC}") = "web-panel-api", "web-panel-api.csproj", "{7310A2B3-C7AB-4E9A-AD42-1A41CB87ABA5}"
EndProject
Global
	GlobalSection(SolutionConfigurationPlatforms) = preSolution
		Debug|Any CPU = Debug|Any CPU
		Release|Any CPU = Release|Any CPU
	EndGlobalSection
	GlobalSection(ProjectConfigurationPlatforms) = postSolution
		{7310A2B3-C7AB-4E9A-AD42-1A41CB87ABA5}.Debug|Any CPU.ActiveCfg = Debug|Any CPU
		{7310A2B3-C7AB-4E9A-AD42-1A41CB87ABA5}.Debug|Any CPU.Build.0 = Debug|Any CPU
		{7310A2B3-C7AB-4E9A-AD42-1A41CB87ABA5}.Release|Any CPU.ActiveCfg = Release|Any CPU
		{7310A2B3-C7AB-4E9A-AD42-1A41CB87ABA5}.Release|Any CPU.Build.0 = Release|Any CPU
	EndGlobalSection
	GlobalSection(SolutionProperties) = preSolution
		HideSolutionNode = FALSE
	EndGlobalSection
	GlobalSection(ExtensibilityGlobals) = postSolution
		SolutionGuid = {9E9CFE17-8FEF-4E27-A2BD-B383C8C0706D}
	EndGlobalSection
EndGlobal
